
Microsoft Visual Studio Solution File, Format Version 12.00
# Visual Studio Version 16
VisualStudioVersion = 16.0.30114.105
MinimumVisualStudioVersion = 10.0.40219.1
Project("{2150E333-8FDC-42A3-9474-1A3956D46DE8}") = "Examples", "Examples", "{A5A2C8F2-2C32-4A20-B4C4-D0A49B5628A7}"
EndProject
Project("{FAE04EC0-301F-11D3-BF4B-00C04F79EFBC}") = "ConsoleApp", "Examples\ConsoleApp\ConsoleApp.csproj", "{7061012D-BF4A-404F-9ADB-5ED17522B6F2}"
EndProject
Global
	GlobalSection(SolutionConfigurationPlatforms) = preSolution
		Debug|Any CPU = Debug|Any CPU
		Debug|x64 = Debug|x64
		Debug|x86 = Debug|x86
		Release|Any CPU = Release|Any CPU
		Release|x64 = Release|x64
		Release|x86 = Release|x86
	EndGlobalSection
	GlobalSection(ProjectConfigurationPlatforms) = postSolution
		{7061012D-BF4A-404F-9ADB-5ED17522B6F2}.Debug|Any CPU.ActiveCfg = Debug|Any CPU
		{7061012D-BF4A-404F-9ADB-5ED17522B6F2}.Debug|Any CPU.Build.0 = Debug|Any CPU
		{7061012D-BF4A-404F-9ADB-5ED17522B6F2}.Debug|x64.ActiveCfg = Debug|Any CPU
		{7061012D-BF4A-404F-9ADB-5ED17522B6F2}.Debug|x64.Build.0 = Debug|Any CPU
		{7061012D-BF4A-404F-9ADB-5ED17522B6F2}.Debug|x86.ActiveCfg = Debug|Any CPU
		{7061012D-BF4A-404F-9ADB-5ED17522B6F2}.Debug|x86.Build.0 = Debug|Any CPU
		{7061012D-BF4A-404F-9ADB-5ED17522B6F2}.Release|Any CPU.ActiveCfg = Release|Any CPU
		{7061012D-BF4A-404F-9ADB-5ED17522B6F2}.Release|Any CPU.Build.0 = Release|Any CPU
		{7061012D-BF4A-404F-9ADB-5ED17522B6F2}.Release|x64.ActiveCfg = Release|Any CPU
		{7061012D-BF4A-404F-9ADB-5ED17522B6F2}.Release|x64.Build.0 = Release|Any CPU
		{7061012D-BF4A-404F-9ADB-5ED17522B6F2}.Release|x86.ActiveCfg = Release|Any CPU
		{7061012D-BF4A-404F-9ADB-5ED17522B6F2}.Release|x86.Build.0 = Release|Any CPU
	EndGlobalSection
	GlobalSection(SolutionProperties) = preSolution
		HideSolutionNode = FALSE
	EndGlobalSection
	GlobalSection(NestedProjects) = preSolution
		{7061012D-BF4A-404F-9ADB-5ED17522B6F2} = {A5A2C8F2-2C32-4A20-B4C4-D0A49B5628A7}
	EndGlobalSection
	GlobalSection(ExtensibilityGlobals) = postSolution
		SolutionGuid = {3549DEB2-F1CA-4F8B-9A39-534C1498A77B}
	EndGlobalSection
EndGlobal
