
Microsoft Visual Studio Solution File, Format Version 12.00
# Visual Studio Version 16
VisualStudioVersion = 16.0.31025.218
MinimumVisualStudioVersion = 10.0.40219.1
Project("{FAE04EC0-301F-11D3-BF4B-00C04F79EFBC}") = "GitTrends.Android", "GitTrends\GitTrends.Android\GitTrends.Android.csproj", "{E0868F8A-3578-4A7F-95BB-B092B4DD86ED}"
EndProject
Project("{FAE04EC0-301F-11D3-BF4B-00C04F79EFBC}") = "GitTrends.iOS", "GitTrends\GitTrends.iOS\GitTrends.iOS.csproj", "{00134EC2-B1D7-4735-B965-6954AA21BD48}"
EndProject
Project("{FAE04EC0-301F-11D3-BF4B-00C04F79EFBC}") = "GitTrends", "GitTrends\GitTrends\GitTrends.csproj", "{6D70944F-C66E-42FD-AED2-B9253A5D0851}"
EndProject
Project("{2150E333-8FDC-42A3-9474-1A3956D46DE8}") = "Backend", "Backend", "{FF891662-97CC-4502-9B7D-0037DB6C080C}"
EndProject
Project("{2150E333-8FDC-42A3-9474-1A3956D46DE8}") = "Mobile", "Mobile", "{249032A9-87B9-48AE-A6E8-E8788F263CD0}"
EndProject
Global
	GlobalSection(SolutionConfigurationPlatforms) = preSolution
		Debug|Any CPU = Debug|Any CPU
		Debug|iPhone = Debug|iPhone
		Debug|iPhoneSimulator = Debug|iPhoneSimulator
		Release|Any CPU = Release|Any CPU
		Release|iPhone = Release|iPhone
		Release|iPhoneSimulator = Release|iPhoneSimulator
	EndGlobalSection
	GlobalSection(ProjectConfigurationPlatforms) = postSolution
		{E0868F8A-3578-4A7F-95BB-B092B4DD86ED}.Debug|Any CPU.ActiveCfg = Debug|Any CPU
		{E0868F8A-3578-4A7F-95BB-B092B4DD86ED}.Debug|Any CPU.Build.0 = Debug|Any CPU
		{E0868F8A-3578-4A7F-95BB-B092B4DD86ED}.Debug|Any CPU.Deploy.0 = Debug|Any CPU
		{E0868F8A-3578-4A7F-95BB-B092B4DD86ED}.Debug|iPhone.ActiveCfg = Debug|Any CPU
		{E0868F8A-3578-4A7F-95BB-B092B4DD86ED}.Debug|iPhone.Build.0 = Debug|Any CPU
		{E0868F8A-3578-4A7F-95BB-B092B4DD86ED}.Debug|iPhone.Deploy.0 = Debug|Any CPU
		{E0868F8A-3578-4A7F-95BB-B092B4DD86ED}.Debug|iPhoneSimulator.ActiveCfg = Debug|Any CPU
		{E0868F8A-3578-4A7F-95BB-B092B4DD86ED}.Debug|iPhoneSimulator.Build.0 = Debug|Any CPU
		{E0868F8A-3578-4A7F-95BB-B092B4DD86ED}.Debug|iPhoneSimulator.Deploy.0 = Debug|Any CPU
		{E0868F8A-3578-4A7F-95BB-B092B4DD86ED}.Release|Any CPU.ActiveCfg = Release|Any CPU
		{E0868F8A-3578-4A7F-95BB-B092B4DD86ED}.Release|Any CPU.Build.0 = Release|Any CPU
		{E0868F8A-3578-4A7F-95BB-B092B4DD86ED}.Release|Any CPU.Deploy.0 = Release|Any CPU
		{E0868F8A-3578-4A7F-95BB-B092B4DD86ED}.Release|iPhone.ActiveCfg = Release|Any CPU
		{E0868F8A-3578-4A7F-95BB-B092B4DD86ED}.Release|iPhone.Build.0 = Release|Any CPU
		{E0868F8A-3578-4A7F-95BB-B092B4DD86ED}.Release|iPhone.Deploy.0 = Release|Any CPU
		{E0868F8A-3578-4A7F-95BB-B092B4DD86ED}.Release|iPhoneSimulator.ActiveCfg = Release|Any CPU
		{E0868F8A-3578-4A7F-95BB-B092B4DD86ED}.Release|iPhoneSimulator.Build.0 = Release|Any CPU
		{E0868F8A-3578-4A7F-95BB-B092B4DD86ED}.Release|iPhoneSimulator.Deploy.0 = Release|Any CPU
		{00134EC2-B1D7-4735-B965-6954AA21BD48}.Debug|Any CPU.ActiveCfg = Debug|iPhone
		{00134EC2-B1D7-4735-B965-6954AA21BD48}.Debug|Any CPU.Build.0 = Debug|iPhone
		{00134EC2-B1D7-4735-B965-6954AA21BD48}.Debug|Any CPU.Deploy.0 = Debug|iPhone
		{00134EC2-B1D7-4735-B965-6954AA21BD48}.Debug|iPhone.ActiveCfg = Debug|iPhone
		{00134EC2-B1D7-4735-B965-6954AA21BD48}.Debug|iPhone.Build.0 = Debug|iPhone
		{00134EC2-B1D7-4735-B965-6954AA21BD48}.Debug|iPhone.Deploy.0 = Debug|iPhone
		{00134EC2-B1D7-4735-B965-6954AA21BD48}.Debug|iPhoneSimulator.ActiveCfg = Debug|iPhoneSimulator
		{00134EC2-B1D7-4735-B965-6954AA21BD48}.Debug|iPhoneSimulator.Build.0 = Debug|iPhoneSimulator
		{00134EC2-B1D7-4735-B965-6954AA21BD48}.Debug|iPhoneSimulator.Deploy.0 = Debug|iPhoneSimulator
		{00134EC2-B1D7-4735-B965-6954AA21BD48}.Release|Any CPU.ActiveCfg = Release|iPhoneSimulator
		{00134EC2-B1D7-4735-B965-6954AA21BD48}.Release|Any CPU.Build.0 = Release|iPhoneSimulator
		{00134EC2-B1D7-4735-B965-6954AA21BD48}.Release|Any CPU.Deploy.0 = Release|iPhoneSimulator
		{00134EC2-B1D7-4735-B965-6954AA21BD48}.Release|iPhone.ActiveCfg = Release|iPhone
		{00134EC2-B1D7-4735-B965-6954AA21BD48}.Release|iPhone.Build.0 = Release|iPhone
		{00134EC2-B1D7-4735-B965-6954AA21BD48}.Release|iPhone.Deploy.0 = Release|iPhone
		{00134EC2-B1D7-4735-B965-6954AA21BD48}.Release|iPhoneSimulator.ActiveCfg = Release|iPhoneSimulator
		{00134EC2-B1D7-4735-B965-6954AA21BD48}.Release|iPhoneSimulator.Build.0 = Release|iPhoneSimulator
		{00134EC2-B1D7-4735-B965-6954AA21BD48}.Release|iPhoneSimulator.Deploy.0 = Release|iPhoneSimulator
		{6D70944F-C66E-42FD-AED2-B9253A5D0851}.Debug|Any CPU.ActiveCfg = Debug|Any CPU
		{6D70944F-C66E-42FD-AED2-B9253A5D0851}.Debug|Any CPU.Build.0 = Debug|Any CPU
		{6D70944F-C66E-42FD-AED2-B9253A5D0851}.Debug|Any CPU.Deploy.0 = Debug|Any CPU
		{6D70944F-C66E-42FD-AED2-B9253A5D0851}.Debug|iPhone.ActiveCfg = Debug|Any CPU
		{6D70944F-C66E-42FD-AED2-B9253A5D0851}.Debug|iPhone.Build.0 = Debug|Any CPU
		{6D70944F-C66E-42FD-AED2-B9253A5D0851}.Debug|iPhone.Deploy.0 = Debug|Any CPU
		{6D70944F-C66E-42FD-AED2-B9253A5D0851}.Debug|iPhoneSimulator.ActiveCfg = Debug|Any CPU
		{6D70944F-C66E-42FD-AED2-B9253A5D0851}.Debug|iPhoneSimulator.Build.0 = Debug|Any CPU
		{6D70944F-C66E-42FD-AED2-B9253A5D0851}.Debug|iPhoneSimulator.Deploy.0 = Debug|Any CPU
		{6D70944F-C66E-42FD-AED2-B9253A5D0851}.Release|Any CPU.ActiveCfg = Release|Any CPU
		{6D70944F-C66E-42FD-AED2-B9253A5D0851}.Release|Any CPU.Build.0 = Release|Any CPU
		{6D70944F-C66E-42FD-AED2-B9253A5D0851}.Release|Any CPU.Deploy.0 = Release|Any CPU
		{6D70944F-C66E-42FD-AED2-B9253A5D0851}.Release|iPhone.ActiveCfg = Release|Any CPU
		{6D70944F-C66E-42FD-AED2-B9253A5D0851}.Release|iPhone.Build.0 = Release|Any CPU
		{6D70944F-C66E-42FD-AED2-B9253A5D0851}.Release|iPhone.Deploy.0 = Release|Any CPU
		{6D70944F-C66E-42FD-AED2-B9253A5D0851}.Release|iPhoneSimulator.ActiveCfg = Release|Any CPU
		{6D70944F-C66E-42FD-AED2-B9253A5D0851}.Release|iPhoneSimulator.Build.0 = Release|Any CPU
		{6D70944F-C66E-42FD-AED2-B9253A5D0851}.Release|iPhoneSimulator.Deploy.0 = Release|Any CPU
	EndGlobalSection
	GlobalSection(SolutionProperties) = preSolution
		HideSolutionNode = FALSE
	EndGlobalSection
	GlobalSection(NestedProjects) = preSolution
		{E0868F8A-3578-4A7F-95BB-B092B4DD86ED} = {249032A9-87B9-48AE-A6E8-E8788F263CD0}
		{00134EC2-B1D7-4735-B965-6954AA21BD48} = {249032A9-87B9-48AE-A6E8-E8788F263CD0}
		{6D70944F-C66E-42FD-AED2-B9253A5D0851} = {249032A9-87B9-48AE-A6E8-E8788F263CD0}
	EndGlobalSection
	GlobalSection(ExtensibilityGlobals) = postSolution
		SolutionGuid = {84E448A6-CC95-4314-B403-A3DD9125979A}
	EndGlobalSection
EndGlobal
