
Microsoft Visual Studio Solution File, Format Version 12.00
# Visual Studio Version 17
VisualStudioVersion = 17.0.31612.314
MinimumVisualStudioVersion = 10.0.40219.1
Project("{2150E333-8FDC-42A3-9474-1A3956D46DE8}") = "Services", "Services", "{7AC743C5-1C8B-46F3-AA94-D94CA6DD68E0}"
EndProject
Project("{9A19103F-16F7-4668-BE54-9A1E7A4F7556}") = "RPSLS.Game.Client", "Services\RPSLS.Game\Client\RPSLS.Game.Client.csproj", "{CE2AA46C-D29A-4318-A005-0EB16B77BB65}"
EndProject
Project("{9A19103F-16F7-4668-BE54-9A1E7A4F7556}") = "RPSLS.Game.Shared", "Services\RPSLS.Game\Shared\RPSLS.Game.Shared.csproj", "{3340A94F-2E01-4A9C-BB36-6AA7468B9C1F}"
EndProject
Project("{FAE04EC0-301F-11D3-BF4B-00C04F79EFBC}") = "RPSLS.Game.Api", "Services\RPSLS.Game.Api\RPSLS.Game.Api.csproj", "{64ED80F7-69FA-4ED8-8B5F-AEDFAAD0BAB0}"
EndProject
Global
	GlobalSection(SolutionConfigurationPlatforms) = preSolution
		Debug|Any CPU = Debug|Any CPU
		Release|Any CPU = Release|Any CPU
	EndGlobalSection
	GlobalSection(ProjectConfigurationPlatforms) = postSolution
		{CE2AA46C-D29A-4318-A005-0EB16B77BB65}.Debug|Any CPU.ActiveCfg = Debug|Any CPU
		{CE2AA46C-D29A-4318-A005-0EB16B77BB65}.Debug|Any CPU.Build.0 = Debug|Any CPU
		{CE2AA46C-D29A-4318-A005-0EB16B77BB65}.Release|Any CPU.ActiveCfg = Release|Any CPU
		{CE2AA46C-D29A-4318-A005-0EB16B77BB65}.Release|Any CPU.Build.0 = Release|Any CPU
		{3340A94F-2E01-4A9C-BB36-6AA7468B9C1F}.Debug|Any CPU.ActiveCfg = Debug|Any CPU
		{3340A94F-2E01-4A9C-BB36-6AA7468B9C1F}.Debug|Any CPU.Build.0 = Debug|Any CPU
		{3340A94F-2E01-4A9C-BB36-6AA7468B9C1F}.Release|Any CPU.ActiveCfg = Release|Any CPU
		{3340A94F-2E01-4A9C-BB36-6AA7468B9C1F}.Release|Any CPU.Build.0 = Release|Any CPU
		{64ED80F7-69FA-4ED8-8B5F-AEDFAAD0BAB0}.Debug|Any CPU.ActiveCfg = Debug|Any CPU
		{64ED80F7-69FA-4ED8-8B5F-AEDFAAD0BAB0}.Debug|Any CPU.Build.0 = Debug|Any CPU
		{64ED80F7-69FA-4ED8-8B5F-AEDFAAD0BAB0}.Release|Any CPU.ActiveCfg = Release|Any CPU
		{64ED80F7-69FA-4ED8-8B5F-AEDFAAD0BAB0}.Release|Any CPU.Build.0 = Release|Any CPU
	EndGlobalSection
	GlobalSection(SolutionProperties) = preSolution
		HideSolutionNode = FALSE
	EndGlobalSection
	GlobalSection(NestedProjects) = preSolution
		{CE2AA46C-D29A-4318-A005-0EB16B77BB65} = {7AC743C5-1C8B-46F3-AA94-D94CA6DD68E0}
		{3340A94F-2E01-4A9C-BB36-6AA7468B9C1F} = {7AC743C5-1C8B-46F3-AA94-D94CA6DD68E0}
		{64ED80F7-69FA-4ED8-8B5F-AEDFAAD0BAB0} = {7AC743C5-1C8B-46F3-AA94-D94CA6DD68E0}
	EndGlobalSection
	GlobalSection(ExtensibilityGlobals) = postSolution
		SolutionGuid = {2828A367-E4FC-4B2E-A814-3C839D74CCCA}
	EndGlobalSection
EndGlobal
