<?xml version="1.0" encoding="utf-8"?>
<Project ToolsVersion="4.0" xmlns="http://schemas.microsoft.com/developer/msbuild/2003">
  <ItemGroup>
    <ClCompile Include="main.cpp" />
    <ClCompile Include="pch.cpp" />
  </ItemGroup>
  <ItemGroup>
    <Filter Include="Utils">
      <UniqueIdentifier>{bc27e9c1-8afa-4d62-8179-789f4651c0b6}</UniqueIdentifier>
    </Filter>
    <Filter Include="svgs">
      <UniqueIdentifier>{1123565f-43ba-4eb8-a6f5-2d5f8f3ae6af}</UniqueIdentifier>
    </Filter>
    <Filter Include="Resource Files">
      <UniqueIdentifier>{74d0b535-16ee-46cc-9adf-dc4668bbcfda}</UniqueIdentifier>
    </Filter>
    <Filter Include="Header Files">
      <UniqueIdentifier>{18a4e642-9246-4494-b916-8505aed19914}</UniqueIdentifier>
    </Filter>
  </ItemGroup>
  <ItemGroup>
    <None Include="packages.config" />
  </ItemGroup>
</Project>