{
	"name": "@tai/schema-spec",
	"version": "2.0.0",
	"lockfileVersion": 1,
	"requires": true,
	"dependencies": {
		"@types/node": {
			"version": "17.0.4",
			"resolved": "https://registry.npmjs.org/@types/node/-/node-17.0.4.tgz",
			"integrity": "sha512-6xwbrW4JJiJLgF+zNypN5wr2ykM9/jHcL7rQ8fZe2vuftggjzZeRSM4OwRc6Xk8qWjwJ99qVHo/JgOGmomWRog==",
			"dev": true
		},
		"@types/prettier": {
			"version": "2.4.2",
			"resolved": "https://registry.npmjs.org/@types/prettier/-/prettier-2.4.2.tgz",
			"integrity": "sha512-ekoj4qOQYp7CvjX8ZDBgN86w3MqQhLE1hczEJbEIjgFEumDy+na/4AJAbLXfgEWFNB2pKadM5rPFtuSGMWK7xA==",
			"dev": true
		},
		"camelcase": {
			"version": "6.2.1",
			"resolved": "https://registry.npmjs.org/camelcase/-/camelcase-6.2.1.tgz",
			"integrity": "sha512-tVI4q5jjFV5CavAU8DXfza/TJcZutVKo/5Foskmsqcm0MsL91moHvwiGNnqaa2o6PF/7yT5ikDRcVcl8Rj6LCA=="
		},
		"prettier": {
			"version": "2.5.1",
			"resolved": "https://registry.npmjs.org/prettier/-/prettier-2.5.1.tgz",
			"integrity": "sha512-vBZcPRUR5MZJwoyi3ZoyQlc1rXeEck8KgeC9AwwOn+exuxLxq5toTRDTSaVrXHxelDMHy9zlicw8u66yxoSUFg=="
		},
		"typescript": {
			"version": "4.5.4",
			"resolved": "https://registry.npmjs.org/typescript/-/typescript-4.5.4.tgz",
			"integrity": "sha512-VgYs2A2QIRuGphtzFV7aQJduJ2gyfTljngLzjpfW9FoYZF6xuw1W0vW9ghCKLfcWrCFxK81CSGRAvS1pn4fIUg==",
			"dev": true
		}
	}
}
